
Microsoft Visual Studio Solution File, Format Version 12.00
# Visual Studio Version 17
VisualStudioVersion = 17.5.33414.496
MinimumVisualStudioVersion = 10.0.40219.1
Project("{9A19103F-16F7-4668-BE54-9A1E7A4F7556}") = "ReadingLog", "ReadingLog\ReadingLog.csproj", "{48661370-7DCB-428A-AF95-AB7C69DA6503}"
	ProjectSection(ProjectDependencies) = postProject
		{F6B94A4D-2969-47E5-8AA6-E798FE9CC126} = {F6B94A4D-2969-47E5-8AA6-E798FE9CC126}
	EndProjectSection
EndProject
Project("{9A19103F-16F7-4668-BE54-9A1E7A4F7556}") = "ReadingLog.Core", "ReadingLog.Core\ReadingLog.Core.csproj", "{F6B94A4D-2969-47E5-8AA6-E798FE9CC126}"
EndProject
Project("{2150E333-8FDC-42A3-9474-1A3956D46DE8}") = "Tests", "Tests", "{34D7B926-066A-4C20-8ED9-8912B6C5ECA2}"
EndProject
Project("{2150E333-8FDC-42A3-9474-1A3956D46DE8}") = "Unit", "Unit", "{851157AF-E850-4D67-A7DB-2990E0C37CBD}"
EndProject
Project("{2150E333-8FDC-42A3-9474-1A3956D46DE8}") = "Integration", "Integration", "{9FDBD874-847F-4E4E-AB5C-7EF1A3EC9632}"
EndProject
Project("{9A19103F-16F7-4668-BE54-9A1E7A4F7556}") = "ReadingLog.IntegrationTests.Services", "ReadingLog.IntegrationTests.Services\ReadingLog.IntegrationTests.Services.csproj", "{E5B542C4-C8AF-4168-B427-EBC7B0BBA60E}"
EndProject
Project("{9A19103F-16F7-4668-BE54-9A1E7A4F7556}") = "ReadingLog.Tests.UnitTests", "ReadingLog.Tests.UnitTests\ReadingLog.Tests.UnitTests.csproj", "{05B671B1-E491-498D-9D56-E500BD8BE4D9}"
EndProject
Project("{2150E333-8FDC-42A3-9474-1A3956D46DE8}") = "Core", "Core", "{98011D34-F1A2-4381-A23E-88A74B4B98BA}"
EndProject
Project("{2150E333-8FDC-42A3-9474-1A3956D46DE8}") = "Src", "Src", "{ECC8BE1A-2CCC-4666-9A26-FC80D5811A74}"
EndProject
Project("{9A19103F-16F7-4668-BE54-9A1E7A4F7556}") = "ReadingLog.Core.Services", "ReadingLog.Core.Services\ReadingLog.Core.Services.csproj", "{D609024F-091E-4B0C-819F-9BAF4387E550}"
EndProject
Project("{2150E333-8FDC-42A3-9474-1A3956D46DE8}") = "Data", "Data", "{90ABB960-917E-4C1C-8CFD-8C024E1E8A2B}"
EndProject
Project("{9A19103F-16F7-4668-BE54-9A1E7A4F7556}") = "ReadingLog.Data.Abstractions", "ReadingLog.Data.Abstractions\ReadingLog.Data.Abstractions.csproj", "{E6B673DC-970A-4E6B-AE01-33653FA5ED6F}"
EndProject
Project("{9A19103F-16F7-4668-BE54-9A1E7A4F7556}") = "ReadingLog.Data.Entities", "ReadingLog.Data.Entities\ReadingLog.Data.Entities.csproj", "{231B408D-43F4-4D67-A959-2E94E3662B42}"
EndProject
Project("{9A19103F-16F7-4668-BE54-9A1E7A4F7556}") = "ReadingLog.Data", "ReadingLog.Data\ReadingLog.Data.csproj", "{455680E5-CE11-4C7F-9D46-19EC676D9BF9}"
EndProject
Project("{9A19103F-16F7-4668-BE54-9A1E7A4F7556}") = "ReadingLog.Services", "ReadingLog.Services\ReadingLog.Services.csproj", "{046471AE-65A6-450A-AE4C-B8D37DC0D915}"
EndProject
Project("{9A19103F-16F7-4668-BE54-9A1E7A4F7556}") = "ReadingLog.Tests.Abstractions", "ReadingLog.Tests.Abstractions\ReadingLog.Tests.Abstractions.csproj", "{87BFD2B1-D8F9-4C96-B850-7F400F8A9CA8}"
EndProject
Project("{2150E333-8FDC-42A3-9474-1A3956D46DE8}") = "Solution", "Solution", "{A3924AFC-70F0-4AD3-97A3-AA6C8010560C}"
EndProject
Project("{2150E333-8FDC-42A3-9474-1A3956D46DE8}") = "Sql", "Sql", "{224D40D8-D6CF-4F95-B337-1674A2C016A0}"
	ProjectSection(SolutionItems) = preProject
		1-init.sql = 1-init.sql
	EndProjectSection
EndProject
Project("{FAE04EC0-301F-11D3-BF4B-00C04F79EFBC}") = "ReadingLog.IntegrationTests.Services2", "ReadingLog.IntegrationTests.Services2\ReadingLog.IntegrationTests.Services2.csproj", "{000199AF-B74D-463A-98E3-C7DBAC69EA0D}"
EndProject
Global
	GlobalSection(SolutionConfigurationPlatforms) = preSolution
		Debug|Any CPU = Debug|Any CPU
		Release|Any CPU = Release|Any CPU
	EndGlobalSection
	GlobalSection(ProjectConfigurationPlatforms) = postSolution
		{48661370-7DCB-428A-AF95-AB7C69DA6503}.Debug|Any CPU.ActiveCfg = Debug|Any CPU
		{48661370-7DCB-428A-AF95-AB7C69DA6503}.Debug|Any CPU.Build.0 = Debug|Any CPU
		{48661370-7DCB-428A-AF95-AB7C69DA6503}.Release|Any CPU.ActiveCfg = Release|Any CPU
		{48661370-7DCB-428A-AF95-AB7C69DA6503}.Release|Any CPU.Build.0 = Release|Any CPU
		{F6B94A4D-2969-47E5-8AA6-E798FE9CC126}.Debug|Any CPU.ActiveCfg = Debug|Any CPU
		{F6B94A4D-2969-47E5-8AA6-E798FE9CC126}.Debug|Any CPU.Build.0 = Debug|Any CPU
		{F6B94A4D-2969-47E5-8AA6-E798FE9CC126}.Release|Any CPU.ActiveCfg = Release|Any CPU
		{F6B94A4D-2969-47E5-8AA6-E798FE9CC126}.Release|Any CPU.Build.0 = Release|Any CPU
		{E5B542C4-C8AF-4168-B427-EBC7B0BBA60E}.Debug|Any CPU.ActiveCfg = Debug|Any CPU
		{E5B542C4-C8AF-4168-B427-EBC7B0BBA60E}.Debug|Any CPU.Build.0 = Debug|Any CPU
		{E5B542C4-C8AF-4168-B427-EBC7B0BBA60E}.Release|Any CPU.ActiveCfg = Release|Any CPU
		{E5B542C4-C8AF-4168-B427-EBC7B0BBA60E}.Release|Any CPU.Build.0 = Release|Any CPU
		{05B671B1-E491-498D-9D56-E500BD8BE4D9}.Debug|Any CPU.ActiveCfg = Debug|Any CPU
		{05B671B1-E491-498D-9D56-E500BD8BE4D9}.Debug|Any CPU.Build.0 = Debug|Any CPU
		{05B671B1-E491-498D-9D56-E500BD8BE4D9}.Release|Any CPU.ActiveCfg = Release|Any CPU
		{05B671B1-E491-498D-9D56-E500BD8BE4D9}.Release|Any CPU.Build.0 = Release|Any CPU
		{D609024F-091E-4B0C-819F-9BAF4387E550}.Debug|Any CPU.ActiveCfg = Debug|Any CPU
		{D609024F-091E-4B0C-819F-9BAF4387E550}.Debug|Any CPU.Build.0 = Debug|Any CPU
		{D609024F-091E-4B0C-819F-9BAF4387E550}.Release|Any CPU.ActiveCfg = Release|Any CPU
		{D609024F-091E-4B0C-819F-9BAF4387E550}.Release|Any CPU.Build.0 = Release|Any CPU
		{E6B673DC-970A-4E6B-AE01-33653FA5ED6F}.Debug|Any CPU.ActiveCfg = Debug|Any CPU
		{E6B673DC-970A-4E6B-AE01-33653FA5ED6F}.Debug|Any CPU.Build.0 = Debug|Any CPU
		{E6B673DC-970A-4E6B-AE01-33653FA5ED6F}.Release|Any CPU.ActiveCfg = Release|Any CPU
		{E6B673DC-970A-4E6B-AE01-33653FA5ED6F}.Release|Any CPU.Build.0 = Release|Any CPU
		{231B408D-43F4-4D67-A959-2E94E3662B42}.Debug|Any CPU.ActiveCfg = Debug|Any CPU
		{231B408D-43F4-4D67-A959-2E94E3662B42}.Debug|Any CPU.Build.0 = Debug|Any CPU
		{231B408D-43F4-4D67-A959-2E94E3662B42}.Release|Any CPU.ActiveCfg = Release|Any CPU
		{231B408D-43F4-4D67-A959-2E94E3662B42}.Release|Any CPU.Build.0 = Release|Any CPU
		{455680E5-CE11-4C7F-9D46-19EC676D9BF9}.Debug|Any CPU.ActiveCfg = Debug|Any CPU
		{455680E5-CE11-4C7F-9D46-19EC676D9BF9}.Debug|Any CPU.Build.0 = Debug|Any CPU
		{455680E5-CE11-4C7F-9D46-19EC676D9BF9}.Release|Any CPU.ActiveCfg = Release|Any CPU
		{455680E5-CE11-4C7F-9D46-19EC676D9BF9}.Release|Any CPU.Build.0 = Release|Any CPU
		{046471AE-65A6-450A-AE4C-B8D37DC0D915}.Debug|Any CPU.ActiveCfg = Debug|Any CPU
		{046471AE-65A6-450A-AE4C-B8D37DC0D915}.Debug|Any CPU.Build.0 = Debug|Any CPU
		{046471AE-65A6-450A-AE4C-B8D37DC0D915}.Release|Any CPU.ActiveCfg = Release|Any CPU
		{046471AE-65A6-450A-AE4C-B8D37DC0D915}.Release|Any CPU.Build.0 = Release|Any CPU
		{87BFD2B1-D8F9-4C96-B850-7F400F8A9CA8}.Debug|Any CPU.ActiveCfg = Debug|Any CPU
		{87BFD2B1-D8F9-4C96-B850-7F400F8A9CA8}.Debug|Any CPU.Build.0 = Debug|Any CPU
		{87BFD2B1-D8F9-4C96-B850-7F400F8A9CA8}.Release|Any CPU.ActiveCfg = Release|Any CPU
		{87BFD2B1-D8F9-4C96-B850-7F400F8A9CA8}.Release|Any CPU.Build.0 = Release|Any CPU
		{000199AF-B74D-463A-98E3-C7DBAC69EA0D}.Debug|Any CPU.ActiveCfg = Debug|Any CPU
		{000199AF-B74D-463A-98E3-C7DBAC69EA0D}.Debug|Any CPU.Build.0 = Debug|Any CPU
		{000199AF-B74D-463A-98E3-C7DBAC69EA0D}.Release|Any CPU.ActiveCfg = Release|Any CPU
		{000199AF-B74D-463A-98E3-C7DBAC69EA0D}.Release|Any CPU.Build.0 = Release|Any CPU
	EndGlobalSection
	GlobalSection(SolutionProperties) = preSolution
		HideSolutionNode = FALSE
	EndGlobalSection
	GlobalSection(NestedProjects) = preSolution
		{F6B94A4D-2969-47E5-8AA6-E798FE9CC126} = {98011D34-F1A2-4381-A23E-88A74B4B98BA}
		{851157AF-E850-4D67-A7DB-2990E0C37CBD} = {34D7B926-066A-4C20-8ED9-8912B6C5ECA2}
		{9FDBD874-847F-4E4E-AB5C-7EF1A3EC9632} = {34D7B926-066A-4C20-8ED9-8912B6C5ECA2}
		{E5B542C4-C8AF-4168-B427-EBC7B0BBA60E} = {9FDBD874-847F-4E4E-AB5C-7EF1A3EC9632}
		{05B671B1-E491-498D-9D56-E500BD8BE4D9} = {851157AF-E850-4D67-A7DB-2990E0C37CBD}
		{D609024F-091E-4B0C-819F-9BAF4387E550} = {98011D34-F1A2-4381-A23E-88A74B4B98BA}
		{E6B673DC-970A-4E6B-AE01-33653FA5ED6F} = {90ABB960-917E-4C1C-8CFD-8C024E1E8A2B}
		{231B408D-43F4-4D67-A959-2E94E3662B42} = {90ABB960-917E-4C1C-8CFD-8C024E1E8A2B}
		{455680E5-CE11-4C7F-9D46-19EC676D9BF9} = {90ABB960-917E-4C1C-8CFD-8C024E1E8A2B}
		{046471AE-65A6-450A-AE4C-B8D37DC0D915} = {ECC8BE1A-2CCC-4666-9A26-FC80D5811A74}
		{87BFD2B1-D8F9-4C96-B850-7F400F8A9CA8} = {34D7B926-066A-4C20-8ED9-8912B6C5ECA2}
		{224D40D8-D6CF-4F95-B337-1674A2C016A0} = {A3924AFC-70F0-4AD3-97A3-AA6C8010560C}
		{000199AF-B74D-463A-98E3-C7DBAC69EA0D} = {9FDBD874-847F-4E4E-AB5C-7EF1A3EC9632}
	EndGlobalSection
	GlobalSection(ExtensibilityGlobals) = postSolution
		SolutionGuid = {C96DE47B-B1F9-4DC4-9069-D127B4BFEDBF}
	EndGlobalSection
EndGlobal
